
Microsoft Visual Studio Solution File, Format Version 12.00
# Visual Studio Version 16
VisualStudioVersion = 16.0.30114.105
MinimumVisualStudioVersion = 10.0.40219.1
Project("{FAE04EC0-301F-11D3-BF4B-00C04F79EFBC}") = "PaymentContext.Domain", "PaymentContext.Domain\PaymentContext.Domain.csproj", "{5FBB0E9D-2282-4F61-92AB-BB6AEEAB4E66}"
EndProject
Project("{FAE04EC0-301F-11D3-BF4B-00C04F79EFBC}") = "PaymentContext.Shared", "PaymentContext.Shared\PaymentContext.Shared.csproj", "{69CB535B-3C54-422A-B388-6592071827C1}"
EndProject
Project("{FAE04EC0-301F-11D3-BF4B-00C04F79EFBC}") = "PaymentContext.Tests", "PaymentContext.Tests\PaymentContext.Tests.csproj", "{48985905-5769-4CF9-817E-E927FCCC416E}"
EndProject
Global
	GlobalSection(SolutionConfigurationPlatforms) = preSolution
		Debug|Any CPU = Debug|Any CPU
		Debug|x64 = Debug|x64
		Debug|x86 = Debug|x86
		Release|Any CPU = Release|Any CPU
		Release|x64 = Release|x64
		Release|x86 = Release|x86
	EndGlobalSection
	GlobalSection(SolutionProperties) = preSolution
		HideSolutionNode = FALSE
	EndGlobalSection
	GlobalSection(ProjectConfigurationPlatforms) = postSolution
		{5FBB0E9D-2282-4F61-92AB-BB6AEEAB4E66}.Debug|Any CPU.ActiveCfg = Debug|Any CPU
		{5FBB0E9D-2282-4F61-92AB-BB6AEEAB4E66}.Debug|Any CPU.Build.0 = Debug|Any CPU
		{5FBB0E9D-2282-4F61-92AB-BB6AEEAB4E66}.Debug|x64.ActiveCfg = Debug|Any CPU
		{5FBB0E9D-2282-4F61-92AB-BB6AEEAB4E66}.Debug|x64.Build.0 = Debug|Any CPU
		{5FBB0E9D-2282-4F61-92AB-BB6AEEAB4E66}.Debug|x86.ActiveCfg = Debug|Any CPU
		{5FBB0E9D-2282-4F61-92AB-BB6AEEAB4E66}.Debug|x86.Build.0 = Debug|Any CPU
		{5FBB0E9D-2282-4F61-92AB-BB6AEEAB4E66}.Release|Any CPU.ActiveCfg = Release|Any CPU
		{5FBB0E9D-2282-4F61-92AB-BB6AEEAB4E66}.Release|Any CPU.Build.0 = Release|Any CPU
		{5FBB0E9D-2282-4F61-92AB-BB6AEEAB4E66}.Release|x64.ActiveCfg = Release|Any CPU
		{5FBB0E9D-2282-4F61-92AB-BB6AEEAB4E66}.Release|x64.Build.0 = Release|Any CPU
		{5FBB0E9D-2282-4F61-92AB-BB6AEEAB4E66}.Release|x86.ActiveCfg = Release|Any CPU
		{5FBB0E9D-2282-4F61-92AB-BB6AEEAB4E66}.Release|x86.Build.0 = Release|Any CPU
		{69CB535B-3C54-422A-B388-6592071827C1}.Debug|Any CPU.ActiveCfg = Debug|Any CPU
		{69CB535B-3C54-422A-B388-6592071827C1}.Debug|Any CPU.Build.0 = Debug|Any CPU
		{69CB535B-3C54-422A-B388-6592071827C1}.Debug|x64.ActiveCfg = Debug|Any CPU
		{69CB535B-3C54-422A-B388-6592071827C1}.Debug|x64.Build.0 = Debug|Any CPU
		{69CB535B-3C54-422A-B388-6592071827C1}.Debug|x86.ActiveCfg = Debug|Any CPU
		{69CB535B-3C54-422A-B388-6592071827C1}.Debug|x86.Build.0 = Debug|Any CPU
		{69CB535B-3C54-422A-B388-6592071827C1}.Release|Any CPU.ActiveCfg = Release|Any CPU
		{69CB535B-3C54-422A-B388-6592071827C1}.Release|Any CPU.Build.0 = Release|Any CPU
		{69CB535B-3C54-422A-B388-6592071827C1}.Release|x64.ActiveCfg = Release|Any CPU
		{69CB535B-3C54-422A-B388-6592071827C1}.Release|x64.Build.0 = Release|Any CPU
		{69CB535B-3C54-422A-B388-6592071827C1}.Release|x86.ActiveCfg = Release|Any CPU
		{69CB535B-3C54-422A-B388-6592071827C1}.Release|x86.Build.0 = Release|Any CPU
		{48985905-5769-4CF9-817E-E927FCCC416E}.Debug|Any CPU.ActiveCfg = Debug|Any CPU
		{48985905-5769-4CF9-817E-E927FCCC416E}.Debug|Any CPU.Build.0 = Debug|Any CPU
		{48985905-5769-4CF9-817E-E927FCCC416E}.Debug|x64.ActiveCfg = Debug|Any CPU
		{48985905-5769-4CF9-817E-E927FCCC416E}.Debug|x64.Build.0 = Debug|Any CPU
		{48985905-5769-4CF9-817E-E927FCCC416E}.Debug|x86.ActiveCfg = Debug|Any CPU
		{48985905-5769-4CF9-817E-E927FCCC416E}.Debug|x86.Build.0 = Debug|Any CPU
		{48985905-5769-4CF9-817E-E927FCCC416E}.Release|Any CPU.ActiveCfg = Release|Any CPU
		{48985905-5769-4CF9-817E-E927FCCC416E}.Release|Any CPU.Build.0 = Release|Any CPU
		{48985905-5769-4CF9-817E-E927FCCC416E}.Release|x64.ActiveCfg = Release|Any CPU
		{48985905-5769-4CF9-817E-E927FCCC416E}.Release|x64.Build.0 = Release|Any CPU
		{48985905-5769-4CF9-817E-E927FCCC416E}.Release|x86.ActiveCfg = Release|Any CPU
		{48985905-5769-4CF9-817E-E927FCCC416E}.Release|x86.Build.0 = Release|Any CPU
	EndGlobalSection
EndGlobal
